{
  "name": "zzaiyan-academic-homepage",
  "lockfileVersion": 3,
  "requires": true,
  "packages": {
    "": {
      "name": "zzaiyan-academic-homepage",
      "devDependencies": {
        "@citation-js/core": "0.8.2",
        "@citation-js/plugin-bibtex": "0.8.2",
        "@citation-js/plugin-csl": "0.8.2",
        "@citation-js/plugin-ris": "0.8.2"
      }
    },
    "node_modules/@citation-js/core": {
      "version": "0.8.2",
      "resolved": "https://registry.npmjs.org/@citation-js/core/-/core-0.8.2.tgz",
      "integrity": "sha512-poAcV+QQOsoZ8TGqR0B76D/G2DrnMnVeAROIpNsgavm1wECTupj3a4WqbiGje2KzuZLQ496e2ZD1pl9twzyM4g==",
      "dev": true,
      "license": "MIT",
      "dependencies": {
        "@citation-js/date": "^0.5.0",
        "@citation-js/name": "^0.4.2",
        "node-fetch": "^3.3.2",
        "sync-fetch": "^0.6.0"
      },
      "engines": {
        "node": ">=20.19.0"
      }
    },
    "node_modules/@citation-js/date": {
      "version": "0.5.1",
      "resolved": "https://registry.npmjs.org/@citation-js/date/-/date-0.5.1.tgz",
      "integrity": "sha512-1iDKAZ4ie48PVhovsOXQ+C6o55dWJloXqtznnnKy6CltJBQLIuLLuUqa8zlIvma0ZigjVjgDUhnVaNU1MErtZw==",
      "dev": true,
      "license": "MIT",
      "engines": {
        "node": ">=10.0.0"
      }
    },
    "node_modules/@citation-js/name": {
      "version": "0.4.2",
      "resolved": "https://registry.npmjs.org/@citation-js/name/-/name-0.4.2.tgz",
      "integrity": "sha512-brSPsjs2fOVzSnARLKu0qncn6suWjHVQtrqSUrnqyaRH95r/Ad4wPF5EsoWr+Dx8HzkCGb/ogmoAzfCsqlTwTQ==",
      "dev": true,
      "license": "MIT",
      "engines": {
        "node": ">=6"
      }
    },
    "node_modules/@citation-js/plugin-bibtex": {
      "version": "0.8.2",
      "resolved": "https://registry.npmjs.org/@citation-js/plugin-bibtex/-/plugin-bibtex-0.8.2.tgz",
      "integrity": "sha512-H9NXF5jTXxIvpc/87I9Lz79QZ02q5O+WKSSNetK5RiDkxeCo6USt44uOTeHkuFEkVWUpb9ol0T8GSwXdGl+/bw==",
      "dev": true,
      "license": "MIT",
      "dependencies": {
        "@citation-js/date": "^0.5.0",
        "@citation-js/name": "^0.4.2",
        "moo": "^0.5.1"
      },
      "engines": {
        "node": ">=20.19.0"
      },
      "peerDependencies": {
        "@citation-js/core": "^0.8.0"
      }
    },
    "node_modules/@citation-js/plugin-csl": {
      "version": "0.8.2",
      "resolved": "https://registry.npmjs.org/@citation-js/plugin-csl/-/plugin-csl-0.8.2.tgz",
      "integrity": "sha512-MHdPrhsbsitWST4tP+bxk4vSSYoPfbxah01fZvxv23qm/FjyW6yJCEpkV/x3f2ofT+v4RN0OEBQboN/MTIyPyQ==",
      "dev": true,
      "license": "MIT",
      "dependencies": {
        "@citation-js/date": "^0.5.0",
        "citeproc": "^2.4.6"
      },
      "engines": {
        "node": ">=20.19.0"
      },
      "peerDependencies": {
        "@citation-js/core": "^0.8.0"
      }
    },
    "node_modules/@citation-js/plugin-ris": {
      "version": "0.8.2",
      "resolved": "https://registry.npmjs.org/@citation-js/plugin-ris/-/plugin-ris-0.8.2.tgz",
      "integrity": "sha512-y10o2CAElniVN613/9KYeLGHyWy0ZUlSYKcNruWP6BmQlDjRhR3n/xDbiiWJrAXosw9Z0yF1Xicw/aRzxS1Ywg==",
      "dev": true,
      "license": "MIT",
      "dependencies": {
        "@citation-js/date": "^0.5.0",
        "@citation-js/name": "^0.4.2"
      },
      "engines": {
        "node": ">=20.19.0"
      },
      "peerDependencies": {
        "@citation-js/core": "^0.8.0"
      }
    },
    "node_modules/citeproc": {
      "version": "2.4.63",
      "resolved": "https://registry.npmjs.org/citeproc/-/citeproc-2.4.63.tgz",
      "integrity": "sha512-68F95Bp4UbgZU/DBUGQn0qV3HDZLCdI9+Bb2ByrTaNJDL5VEm9LqaiNaxljsvoaExSLEXe1/r6n2Z06SCzW3/Q==",
      "dev": true,
      "license": "CPAL-1.0 OR AGPL-1.0"
    },
    "node_modules/data-uri-to-buffer": {
      "version": "4.0.1",
      "resolved": "https://registry.npmjs.org/data-uri-to-buffer/-/data-uri-to-buffer-4.0.1.tgz",
      "integrity": "sha512-0R9ikRb668HB7QDxT1vkpuUBtqc53YyAwMwGeUFKRojY/NWKvdZ+9UYtRfGmhqNbRkTSVpMbmyhXipFFv2cb/A==",
      "dev": true,
      "license": "MIT",
      "engines": {
        "node": ">= 12"
      }
    },
    "node_modules/fetch-blob": {
      "version": "3.2.0",
      "resolved": "https://registry.npmjs.org/fetch-blob/-/fetch-blob-3.2.0.tgz",
      "integrity": "sha512-7yAQpD2UMJzLi1Dqv7qFYnPbaPx7ZfFK6PiIxQ4PfkGPyNyl2Ugx+a/umUonmKqjhM4DnfbMvdX6otXq83soQQ==",
      "dev": true,
      "funding": [
        {
          "type": "github",
          "url": "https://github.com/sponsors/jimmywarting"
        },
        {
          "type": "paypal",
          "url": "https://paypal.me/jimmywarting"
        }
      ],
      "license": "MIT",
      "dependencies": {
        "node-domexception": "^1.0.0",
        "web-streams-polyfill": "^3.0.3"
      },
      "engines": {
        "node": "^12.20 || >= 14.13"
      }
    },
    "node_modules/formdata-polyfill": {
      "version": "4.0.10",
      "resolved": "https://registry.npmjs.org/formdata-polyfill/-/formdata-polyfill-4.0.10.tgz",
      "integrity": "sha512-buewHzMvYL29jdeQTVILecSaZKnt/RJWjoZCF5OW60Z67/GmSLBkOFM7qh1PI3zFNtJbaZL5eQu1vLfazOwj4g==",
      "dev": true,
      "license": "MIT",
      "dependencies": {
        "fetch-blob": "^3.1.2"
      },
      "engines": {
        "node": ">=12.20.0"
      }
    },
    "node_modules/moo": {
      "version": "0.5.3",
      "resolved": "https://registry.npmjs.org/moo/-/moo-0.5.3.tgz",
      "integrity": "sha512-m2fmM2dDm7GZQsY7KK2cme8agi+AAljILjQnof7p1ZMDe6dQ4bdnSMx0cPppudoeNv5hEFQirN6u+O4fDE0IWA==",
      "dev": true,
      "license": "BSD-3-Clause"
    },
    "node_modules/node-domexception": {
      "version": "1.0.0",
      "resolved": "https://registry.npmjs.org/node-domexception/-/node-domexception-1.0.0.tgz",
      "integrity": "sha512-/jKZoMpw0F8GRwl4/eLROPA3cfcXtLApP0QzLmUT/HuPCZWyB7IY9ZrMeKw2O/nFIqPQB3PVM9aYm0F312AXDQ==",
      "deprecated": "Use your platform's native DOMException instead",
      "dev": true,
      "funding": [
        {
          "type": "github",
          "url": "https://github.com/sponsors/jimmywarting"
        },
        {
          "type": "github",
          "url": "https://paypal.me/jimmywarting"
        }
      ],
      "license": "MIT",
      "engines": {
        "node": ">=10.5.0"
      }
    },
    "node_modules/node-fetch": {
      "version": "3.3.2",
      "resolved": "https://registry.npmjs.org/node-fetch/-/node-fetch-3.3.2.tgz",
      "integrity": "sha512-dRB78srN/l6gqWulah9SrxeYnxeddIG30+GOqK/9OlLVyLg3HPnr6SqOWTWOXKRwC2eGYCkZ59NNuSgvSrpgOA==",
      "dev": true,
      "license": "MIT",
      "dependencies": {
        "data-uri-to-buffer": "^4.0.0",
        "fetch-blob": "^3.1.4",
        "formdata-polyfill": "^4.0.10"
      },
      "engines": {
        "node": "^12.20.0 || ^14.13.1 || >=16.0.0"
      },
      "funding": {
        "type": "opencollective",
        "url": "https://opencollective.com/node-fetch"
      }
    },
    "node_modules/sync-fetch": {
      "version": "0.6.0",
      "resolved": "https://registry.npmjs.org/sync-fetch/-/sync-fetch-0.6.0.tgz",
      "integrity": "sha512-IELLEvzHuCfc1uTsshPK58ViSdNqXxlml1U+fmwJIKLYKOr/rAtBrorE2RYm5IHaMpDNlmC0fr1LAvdXvyheEQ==",
      "dev": true,
      "license": "MIT",
      "dependencies": {
        "node-fetch": "^3.3.2",
        "timeout-signal": "^2.0.0",
        "whatwg-mimetype": "^4.0.0"
      },
      "engines": {
        "node": ">=18"
      }
    },
    "node_modules/timeout-signal": {
      "version": "2.0.0",
      "resolved": "https://registry.npmjs.org/timeout-signal/-/timeout-signal-2.0.0.tgz",
      "integrity": "sha512-YBGpG4bWsHoPvofT6y/5iqulfXIiIErl5B0LdtHT1mGXDFTAhhRrbUpTvBgYbovr+3cKblya2WAOcpoy90XguA==",
      "dev": true,
      "license": "MIT",
      "engines": {
        "node": ">=16"
      }
    },
    "node_modules/web-streams-polyfill": {
      "version": "3.3.3",
      "resolved": "https://registry.npmjs.org/web-streams-polyfill/-/web-streams-polyfill-3.3.3.tgz",
      "integrity": "sha512-d2JWLCivmZYTSIoge9MsgFCZrt571BikcWGYkjC1khllbTeDlGqZ2D8vD8E/lJa8WGWbb7Plm8/XJYV7IJHZZw==",
      "dev": true,
      "license": "MIT",
      "engines": {
        "node": ">= 8"
      }
    },
    "node_modules/whatwg-mimetype": {
      "version": "4.0.0",
      "resolved": "https://registry.npmjs.org/whatwg-mimetype/-/whatwg-mimetype-4.0.0.tgz",
      "integrity": "sha512-QaKxh0eNIi2mE9p2vEdzfagOKHCcj1pJ56EEHGQOVxp8r9/iszLUUV7v89x9O1p/T+NlTM5W7jW6+cz4Fq1YVg==",
      "dev": true,
      "license": "MIT",
      "engines": {
        "node": ">=18"
      }
    }
  }
}
